
Microsoft Visual Studio Solution File, Format Version 9.00
# Visual Studio 2005
Project("{8BC9CEB8-8B4A-11D0-8D11-00A0C91BC942}") = "DLLModule", "2006DLL_REWORK\DLLModule2005.vcproj", "{652C7D60-BC02-4E09-96DD-930012345678}"
EndProject
Project("{8BC9CEB8-8B4A-11D0-8D11-00A0C91BC942}") = "LUA", "Sonic-The-Hedgehog-2006-Marathon-Library\Lua\LUA.vcproj", "{24CAEC08-5ADD-4CAB-ADF1-7DF0BA63D1D6}"
EndProject
Project("{8BC9CEB8-8B4A-11D0-8D11-00A0C91BC942}") = "Marathon", "Sonic-The-Hedgehog-2006-Marathon-Library\Marathon\Marathon.vcproj", "{0E0DAD94-E64A-4E1E-8E88-10A7F23F50BD}"
	ProjectSection(ProjectDependencies) = postProject
		{4C447C2C-D842-4EDD-9042-D86627F63027} = {4C447C2C-D842-4EDD-9042-D86627F63027}
		{536739DA-79F7-4797-A3EF-2058F7E31FEF} = {536739DA-79F7-4797-A3EF-2058F7E31FEF}
	EndProjectSection
EndProject
Project("{8BC9CEB8-8B4A-11D0-8D11-00A0C91BC942}") = "AtgFramework", "ATG_LIB\AtgFramework2005.vcproj", "{91D208A6-9936-47FD-9659-67205C3EB0AB}"
EndProject
Project("{8BC9CEB8-8B4A-11D0-8D11-00A0C91BC942}") = "Chao", "Sonic-The-Hedgehog-2006-Marathon-Library\Chao\Chao.vcproj", "{4C447C2C-D842-4EDD-9042-D86627F63027}"
EndProject
Project("{8BC9CEB8-8B4A-11D0-8D11-00A0C91BC942}") = "example", "Sonic-The-Hedgehog-2006-Marathon-Library\zlib\projects\visualc6\example.vcproj", "{BB6CEE06-0A30-4AA8-9614-E94E4C57E3A2}"
	ProjectSection(ProjectDependencies) = postProject
		{536739DA-79F7-4797-A3EF-2058F7E31FEF} = {536739DA-79F7-4797-A3EF-2058F7E31FEF}
	EndProjectSection
EndProject
Project("{8BC9CEB8-8B4A-11D0-8D11-00A0C91BC942}") = "minigzip", "Sonic-The-Hedgehog-2006-Marathon-Library\zlib\projects\visualc6\minigzip.vcproj", "{BE0DC084-9051-4885-AA79-D0D1A9351B2C}"
	ProjectSection(ProjectDependencies) = postProject
		{536739DA-79F7-4797-A3EF-2058F7E31FEF} = {536739DA-79F7-4797-A3EF-2058F7E31FEF}
	EndProjectSection
EndProject
Project("{8BC9CEB8-8B4A-11D0-8D11-00A0C91BC942}") = "zlib", "Sonic-The-Hedgehog-2006-Marathon-Library\zlib\projects\visualc6\zlib.vcproj", "{536739DA-79F7-4797-A3EF-2058F7E31FEF}"
EndProject
Global
	GlobalSection(SolutionConfigurationPlatforms) = preSolution
		Debug|Mixed Platforms = Debug|Mixed Platforms
		Debug|Win32 = Debug|Win32
		Debug|Xbox 360 = Debug|Xbox 360
		DLL ASM Debug|Mixed Platforms = DLL ASM Debug|Mixed Platforms
		DLL ASM Debug|Win32 = DLL ASM Debug|Win32
		DLL ASM Debug|Xbox 360 = DLL ASM Debug|Xbox 360
		DLL ASM Release|Mixed Platforms = DLL ASM Release|Mixed Platforms
		DLL ASM Release|Win32 = DLL ASM Release|Win32
		DLL ASM Release|Xbox 360 = DLL ASM Release|Xbox 360
		DLL Debug|Mixed Platforms = DLL Debug|Mixed Platforms
		DLL Debug|Win32 = DLL Debug|Win32
		DLL Debug|Xbox 360 = DLL Debug|Xbox 360
		DLL Release|Mixed Platforms = DLL Release|Mixed Platforms
		DLL Release|Win32 = DLL Release|Win32
		DLL Release|Xbox 360 = DLL Release|Xbox 360
		LIB ASM Debug|Mixed Platforms = LIB ASM Debug|Mixed Platforms
		LIB ASM Debug|Win32 = LIB ASM Debug|Win32
		LIB ASM Debug|Xbox 360 = LIB ASM Debug|Xbox 360
		LIB ASM Release|Mixed Platforms = LIB ASM Release|Mixed Platforms
		LIB ASM Release|Win32 = LIB ASM Release|Win32
		LIB ASM Release|Xbox 360 = LIB ASM Release|Xbox 360
		LIB Debug|Mixed Platforms = LIB Debug|Mixed Platforms
		LIB Debug|Win32 = LIB Debug|Win32
		LIB Debug|Xbox 360 = LIB Debug|Xbox 360
		LIB Release|Mixed Platforms = LIB Release|Mixed Platforms
		LIB Release|Win32 = LIB Release|Win32
		LIB Release|Xbox 360 = LIB Release|Xbox 360
		Profile_FastCap|Mixed Platforms = Profile_FastCap|Mixed Platforms
		Profile_FastCap|Win32 = Profile_FastCap|Win32
		Profile_FastCap|Xbox 360 = Profile_FastCap|Xbox 360
		Profile|Mixed Platforms = Profile|Mixed Platforms
		Profile|Win32 = Profile|Win32
		Profile|Xbox 360 = Profile|Xbox 360
		Release_LTCG|Mixed Platforms = Release_LTCG|Mixed Platforms
		Release_LTCG|Win32 = Release_LTCG|Win32
		Release_LTCG|Xbox 360 = Release_LTCG|Xbox 360
		Release|Mixed Platforms = Release|Mixed Platforms
		Release|Win32 = Release|Win32
		Release|Xbox 360 = Release|Xbox 360
		ReleaseHavok|Mixed Platforms = ReleaseHavok|Mixed Platforms
		ReleaseHavok|Win32 = ReleaseHavok|Win32
		ReleaseHavok|Xbox 360 = ReleaseHavok|Xbox 360
	EndGlobalSection
	GlobalSection(ProjectConfigurationPlatforms) = postSolution
		{652C7D60-BC02-4E09-96DD-930012345678}.Debug|Mixed Platforms.ActiveCfg = Debug|Xbox 360
		{652C7D60-BC02-4E09-96DD-930012345678}.Debug|Mixed Platforms.Build.0 = Debug|Xbox 360
		{652C7D60-BC02-4E09-96DD-930012345678}.Debug|Win32.ActiveCfg = Debug|Xbox 360
		{652C7D60-BC02-4E09-96DD-930012345678}.Debug|Xbox 360.ActiveCfg = Debug|Xbox 360
		{652C7D60-BC02-4E09-96DD-930012345678}.Debug|Xbox 360.Build.0 = Debug|Xbox 360
		{652C7D60-BC02-4E09-96DD-930012345678}.DLL ASM Debug|Mixed Platforms.ActiveCfg = Debug|Xbox 360
		{652C7D60-BC02-4E09-96DD-930012345678}.DLL ASM Debug|Mixed Platforms.Build.0 = Debug|Xbox 360
		{652C7D60-BC02-4E09-96DD-930012345678}.DLL ASM Debug|Win32.ActiveCfg = Debug|Xbox 360
		{652C7D60-BC02-4E09-96DD-930012345678}.DLL ASM Debug|Xbox 360.ActiveCfg = Debug|Xbox 360
		{652C7D60-BC02-4E09-96DD-930012345678}.DLL ASM Debug|Xbox 360.Build.0 = Debug|Xbox 360
		{652C7D60-BC02-4E09-96DD-930012345678}.DLL ASM Release|Mixed Platforms.ActiveCfg = Release|Xbox 360
		{652C7D60-BC02-4E09-96DD-930012345678}.DLL ASM Release|Mixed Platforms.Build.0 = Release|Xbox 360
		{652C7D60-BC02-4E09-96DD-930012345678}.DLL ASM Release|Win32.ActiveCfg = Release|Xbox 360
		{652C7D60-BC02-4E09-96DD-930012345678}.DLL ASM Release|Xbox 360.ActiveCfg = Release|Xbox 360
		{652C7D60-BC02-4E09-96DD-930012345678}.DLL ASM Release|Xbox 360.Build.0 = Release|Xbox 360
		{652C7D60-BC02-4E09-96DD-930012345678}.DLL Debug|Mixed Platforms.ActiveCfg = Debug|Xbox 360
		{652C7D60-BC02-4E09-96DD-930012345678}.DLL Debug|Mixed Platforms.Build.0 = Debug|Xbox 360
		{652C7D60-BC02-4E09-96DD-930012345678}.DLL Debug|Win32.ActiveCfg = Debug|Xbox 360
		{652C7D60-BC02-4E09-96DD-930012345678}.DLL Debug|Xbox 360.ActiveCfg = Debug|Xbox 360
		{652C7D60-BC02-4E09-96DD-930012345678}.DLL Debug|Xbox 360.Build.0 = Debug|Xbox 360
		{652C7D60-BC02-4E09-96DD-930012345678}.DLL Release|Mixed Platforms.ActiveCfg = Release|Xbox 360
		{652C7D60-BC02-4E09-96DD-930012345678}.DLL Release|Mixed Platforms.Build.0 = Release|Xbox 360
		{652C7D60-BC02-4E09-96DD-930012345678}.DLL Release|Win32.ActiveCfg = Release|Xbox 360
		{652C7D60-BC02-4E09-96DD-930012345678}.DLL Release|Xbox 360.ActiveCfg = Release|Xbox 360
		{652C7D60-BC02-4E09-96DD-930012345678}.DLL Release|Xbox 360.Build.0 = Release|Xbox 360
		{652C7D60-BC02-4E09-96DD-930012345678}.LIB ASM Debug|Mixed Platforms.ActiveCfg = Debug|Xbox 360
		{652C7D60-BC02-4E09-96DD-930012345678}.LIB ASM Debug|Mixed Platforms.Build.0 = Debug|Xbox 360
		{652C7D60-BC02-4E09-96DD-930012345678}.LIB ASM Debug|Win32.ActiveCfg = Debug|Xbox 360
		{652C7D60-BC02-4E09-96DD-930012345678}.LIB ASM Debug|Xbox 360.ActiveCfg = Debug|Xbox 360
		{652C7D60-BC02-4E09-96DD-930012345678}.LIB ASM Debug|Xbox 360.Build.0 = Debug|Xbox 360
		{652C7D60-BC02-4E09-96DD-930012345678}.LIB ASM Release|Mixed Platforms.ActiveCfg = Release|Xbox 360
		{652C7D60-BC02-4E09-96DD-930012345678}.LIB ASM Release|Mixed Platforms.Build.0 = Release|Xbox 360
		{652C7D60-BC02-4E09-96DD-930012345678}.LIB ASM Release|Win32.ActiveCfg = Release|Xbox 360
		{652C7D60-BC02-4E09-96DD-930012345678}.LIB ASM Release|Xbox 360.ActiveCfg = Release|Xbox 360
		{652C7D60-BC02-4E09-96DD-930012345678}.LIB ASM Release|Xbox 360.Build.0 = Release|Xbox 360
		{652C7D60-BC02-4E09-96DD-930012345678}.LIB Debug|Mixed Platforms.ActiveCfg = Debug|Xbox 360
		{652C7D60-BC02-4E09-96DD-930012345678}.LIB Debug|Mixed Platforms.Build.0 = Debug|Xbox 360
		{652C7D60-BC02-4E09-96DD-930012345678}.LIB Debug|Win32.ActiveCfg = Debug|Xbox 360
		{652C7D60-BC02-4E09-96DD-930012345678}.LIB Debug|Xbox 360.ActiveCfg = Debug|Xbox 360
		{652C7D60-BC02-4E09-96DD-930012345678}.LIB Debug|Xbox 360.Build.0 = Debug|Xbox 360
		{652C7D60-BC02-4E09-96DD-930012345678}.LIB Release|Mixed Platforms.ActiveCfg = Release|Xbox 360
		{652C7D60-BC02-4E09-96DD-930012345678}.LIB Release|Mixed Platforms.Build.0 = Release|Xbox 360
		{652C7D60-BC02-4E09-96DD-930012345678}.LIB Release|Win32.ActiveCfg = Release|Xbox 360
		{652C7D60-BC02-4E09-96DD-930012345678}.LIB Release|Xbox 360.ActiveCfg = Release|Xbox 360
		{652C7D60-BC02-4E09-96DD-930012345678}.LIB Release|Xbox 360.Build.0 = Release|Xbox 360
		{652C7D60-BC02-4E09-96DD-930012345678}.Profile_FastCap|Mixed Platforms.ActiveCfg = Profile_FastCap|Xbox 360
		{652C7D60-BC02-4E09-96DD-930012345678}.Profile_FastCap|Mixed Platforms.Build.0 = Profile_FastCap|Xbox 360
		{652C7D60-BC02-4E09-96DD-930012345678}.Profile_FastCap|Win32.ActiveCfg = Profile_FastCap|Xbox 360
		{652C7D60-BC02-4E09-96DD-930012345678}.Profile_FastCap|Xbox 360.ActiveCfg = Profile_FastCap|Xbox 360
		{652C7D60-BC02-4E09-96DD-930012345678}.Profile_FastCap|Xbox 360.Build.0 = Profile_FastCap|Xbox 360
		{652C7D60-BC02-4E09-96DD-930012345678}.Profile|Mixed Platforms.ActiveCfg = Profile|Xbox 360
		{652C7D60-BC02-4E09-96DD-930012345678}.Profile|Mixed Platforms.Build.0 = Profile|Xbox 360
		{652C7D60-BC02-4E09-96DD-930012345678}.Profile|Win32.ActiveCfg = Profile|Xbox 360
		{652C7D60-BC02-4E09-96DD-930012345678}.Profile|Xbox 360.ActiveCfg = Profile|Xbox 360
		{652C7D60-BC02-4E09-96DD-930012345678}.Profile|Xbox 360.Build.0 = Profile|Xbox 360
		{652C7D60-BC02-4E09-96DD-930012345678}.Release_LTCG|Mixed Platforms.ActiveCfg = Release_LTCG|Xbox 360
		{652C7D60-BC02-4E09-96DD-930012345678}.Release_LTCG|Mixed Platforms.Build.0 = Release_LTCG|Xbox 360
		{652C7D60-BC02-4E09-96DD-930012345678}.Release_LTCG|Win32.ActiveCfg = Release_LTCG|Xbox 360
		{652C7D60-BC02-4E09-96DD-930012345678}.Release_LTCG|Xbox 360.ActiveCfg = Release_LTCG|Xbox 360
		{652C7D60-BC02-4E09-96DD-930012345678}.Release_LTCG|Xbox 360.Build.0 = Release_LTCG|Xbox 360
		{652C7D60-BC02-4E09-96DD-930012345678}.Release|Mixed Platforms.ActiveCfg = Release|Xbox 360
		{652C7D60-BC02-4E09-96DD-930012345678}.Release|Mixed Platforms.Build.0 = Release|Xbox 360
		{652C7D60-BC02-4E09-96DD-930012345678}.Release|Win32.ActiveCfg = Release|Xbox 360
		{652C7D60-BC02-4E09-96DD-930012345678}.Release|Xbox 360.ActiveCfg = Release|Xbox 360
		{652C7D60-BC02-4E09-96DD-930012345678}.Release|Xbox 360.Build.0 = Release|Xbox 360
		{652C7D60-BC02-4E09-96DD-930012345678}.ReleaseHavok|Mixed Platforms.ActiveCfg = Release_LTCG|Xbox 360
		{652C7D60-BC02-4E09-96DD-930012345678}.ReleaseHavok|Mixed Platforms.Build.0 = Release_LTCG|Xbox 360
		{652C7D60-BC02-4E09-96DD-930012345678}.ReleaseHavok|Win32.ActiveCfg = Release_LTCG|Xbox 360
		{652C7D60-BC02-4E09-96DD-930012345678}.ReleaseHavok|Xbox 360.ActiveCfg = Release|Xbox 360
		{652C7D60-BC02-4E09-96DD-930012345678}.ReleaseHavok|Xbox 360.Build.0 = Release|Xbox 360
		{24CAEC08-5ADD-4CAB-ADF1-7DF0BA63D1D6}.Debug|Mixed Platforms.ActiveCfg = Debug|Xbox 360
		{24CAEC08-5ADD-4CAB-ADF1-7DF0BA63D1D6}.Debug|Mixed Platforms.Build.0 = Debug|Xbox 360
		{24CAEC08-5ADD-4CAB-ADF1-7DF0BA63D1D6}.Debug|Win32.ActiveCfg = Debug|Xbox 360
		{24CAEC08-5ADD-4CAB-ADF1-7DF0BA63D1D6}.Debug|Xbox 360.ActiveCfg = Debug|Xbox 360
		{24CAEC08-5ADD-4CAB-ADF1-7DF0BA63D1D6}.Debug|Xbox 360.Build.0 = Debug|Xbox 360
		{24CAEC08-5ADD-4CAB-ADF1-7DF0BA63D1D6}.DLL ASM Debug|Mixed Platforms.ActiveCfg = Debug|Xbox 360
		{24CAEC08-5ADD-4CAB-ADF1-7DF0BA63D1D6}.DLL ASM Debug|Mixed Platforms.Build.0 = Debug|Xbox 360
		{24CAEC08-5ADD-4CAB-ADF1-7DF0BA63D1D6}.DLL ASM Debug|Win32.ActiveCfg = Debug|Xbox 360
		{24CAEC08-5ADD-4CAB-ADF1-7DF0BA63D1D6}.DLL ASM Debug|Xbox 360.ActiveCfg = Debug|Xbox 360
		{24CAEC08-5ADD-4CAB-ADF1-7DF0BA63D1D6}.DLL ASM Debug|Xbox 360.Build.0 = Debug|Xbox 360
		{24CAEC08-5ADD-4CAB-ADF1-7DF0BA63D1D6}.DLL ASM Release|Mixed Platforms.ActiveCfg = Release|Xbox 360
		{24CAEC08-5ADD-4CAB-ADF1-7DF0BA63D1D6}.DLL ASM Release|Mixed Platforms.Build.0 = Release|Xbox 360
		{24CAEC08-5ADD-4CAB-ADF1-7DF0BA63D1D6}.DLL ASM Release|Win32.ActiveCfg = Release|Xbox 360
		{24CAEC08-5ADD-4CAB-ADF1-7DF0BA63D1D6}.DLL ASM Release|Xbox 360.ActiveCfg = Release|Xbox 360
		{24CAEC08-5ADD-4CAB-ADF1-7DF0BA63D1D6}.DLL ASM Release|Xbox 360.Build.0 = Release|Xbox 360
		{24CAEC08-5ADD-4CAB-ADF1-7DF0BA63D1D6}.DLL Debug|Mixed Platforms.ActiveCfg = Debug|Xbox 360
		{24CAEC08-5ADD-4CAB-ADF1-7DF0BA63D1D6}.DLL Debug|Mixed Platforms.Build.0 = Debug|Xbox 360
		{24CAEC08-5ADD-4CAB-ADF1-7DF0BA63D1D6}.DLL Debug|Win32.ActiveCfg = Debug|Xbox 360
		{24CAEC08-5ADD-4CAB-ADF1-7DF0BA63D1D6}.DLL Debug|Xbox 360.ActiveCfg = Debug|Xbox 360
		{24CAEC08-5ADD-4CAB-ADF1-7DF0BA63D1D6}.DLL Debug|Xbox 360.Build.0 = Debug|Xbox 360
		{24CAEC08-5ADD-4CAB-ADF1-7DF0BA63D1D6}.DLL Release|Mixed Platforms.ActiveCfg = Release|Xbox 360
		{24CAEC08-5ADD-4CAB-ADF1-7DF0BA63D1D6}.DLL Release|Mixed Platforms.Build.0 = Release|Xbox 360
		{24CAEC08-5ADD-4CAB-ADF1-7DF0BA63D1D6}.DLL Release|Win32.ActiveCfg = Release|Xbox 360
		{24CAEC08-5ADD-4CAB-ADF1-7DF0BA63D1D6}.DLL Release|Xbox 360.ActiveCfg = Release|Xbox 360
		{24CAEC08-5ADD-4CAB-ADF1-7DF0BA63D1D6}.DLL Release|Xbox 360.Build.0 = Release|Xbox 360
		{24CAEC08-5ADD-4CAB-ADF1-7DF0BA63D1D6}.LIB ASM Debug|Mixed Platforms.ActiveCfg = Debug|Xbox 360
		{24CAEC08-5ADD-4CAB-ADF1-7DF0BA63D1D6}.LIB ASM Debug|Mixed Platforms.Build.0 = Debug|Xbox 360
		{24CAEC08-5ADD-4CAB-ADF1-7DF0BA63D1D6}.LIB ASM Debug|Win32.ActiveCfg = Debug|Xbox 360
		{24CAEC08-5ADD-4CAB-ADF1-7DF0BA63D1D6}.LIB ASM Debug|Xbox 360.ActiveCfg = Debug|Xbox 360
		{24CAEC08-5ADD-4CAB-ADF1-7DF0BA63D1D6}.LIB ASM Debug|Xbox 360.Build.0 = Debug|Xbox 360
		{24CAEC08-5ADD-4CAB-ADF1-7DF0BA63D1D6}.LIB ASM Release|Mixed Platforms.ActiveCfg = Release|Xbox 360
		{24CAEC08-5ADD-4CAB-ADF1-7DF0BA63D1D6}.LIB ASM Release|Mixed Platforms.Build.0 = Release|Xbox 360
		{24CAEC08-5ADD-4CAB-ADF1-7DF0BA63D1D6}.LIB ASM Release|Win32.ActiveCfg = Release|Xbox 360
		{24CAEC08-5ADD-4CAB-ADF1-7DF0BA63D1D6}.LIB ASM Release|Xbox 360.ActiveCfg = Release|Xbox 360
		{24CAEC08-5ADD-4CAB-ADF1-7DF0BA63D1D6}.LIB ASM Release|Xbox 360.Build.0 = Release|Xbox 360
		{24CAEC08-5ADD-4CAB-ADF1-7DF0BA63D1D6}.LIB Debug|Mixed Platforms.ActiveCfg = Debug|Xbox 360
		{24CAEC08-5ADD-4CAB-ADF1-7DF0BA63D1D6}.LIB Debug|Mixed Platforms.Build.0 = Debug|Xbox 360
		{24CAEC08-5ADD-4CAB-ADF1-7DF0BA63D1D6}.LIB Debug|Win32.ActiveCfg = Debug|Xbox 360
		{24CAEC08-5ADD-4CAB-ADF1-7DF0BA63D1D6}.LIB Debug|Xbox 360.ActiveCfg = Debug|Xbox 360
		{24CAEC08-5ADD-4CAB-ADF1-7DF0BA63D1D6}.LIB Debug|Xbox 360.Build.0 = Debug|Xbox 360
		{24CAEC08-5ADD-4CAB-ADF1-7DF0BA63D1D6}.LIB Release|Mixed Platforms.ActiveCfg = Release|Xbox 360
		{24CAEC08-5ADD-4CAB-ADF1-7DF0BA63D1D6}.LIB Release|Mixed Platforms.Build.0 = Release|Xbox 360
		{24CAEC08-5ADD-4CAB-ADF1-7DF0BA63D1D6}.LIB Release|Win32.ActiveCfg = Release|Xbox 360
		{24CAEC08-5ADD-4CAB-ADF1-7DF0BA63D1D6}.LIB Release|Xbox 360.ActiveCfg = Release|Xbox 360
		{24CAEC08-5ADD-4CAB-ADF1-7DF0BA63D1D6}.LIB Release|Xbox 360.Build.0 = Release|Xbox 360
		{24CAEC08-5ADD-4CAB-ADF1-7DF0BA63D1D6}.Profile_FastCap|Mixed Platforms.ActiveCfg = Profile_FastCap|Xbox 360
		{24CAEC08-5ADD-4CAB-ADF1-7DF0BA63D1D6}.Profile_FastCap|Mixed Platforms.Build.0 = Profile_FastCap|Xbox 360
		{24CAEC08-5ADD-4CAB-ADF1-7DF0BA63D1D6}.Profile_FastCap|Win32.ActiveCfg = Profile_FastCap|Xbox 360
		{24CAEC08-5ADD-4CAB-ADF1-7DF0BA63D1D6}.Profile_FastCap|Xbox 360.ActiveCfg = Profile_FastCap|Xbox 360
		{24CAEC08-5ADD-4CAB-ADF1-7DF0BA63D1D6}.Profile_FastCap|Xbox 360.Build.0 = Profile_FastCap|Xbox 360
		{24CAEC08-5ADD-4CAB-ADF1-7DF0BA63D1D6}.Profile|Mixed Platforms.ActiveCfg = Profile|Xbox 360
		{24CAEC08-5ADD-4CAB-ADF1-7DF0BA63D1D6}.Profile|Mixed Platforms.Build.0 = Profile|Xbox 360
		{24CAEC08-5ADD-4CAB-ADF1-7DF0BA63D1D6}.Profile|Win32.ActiveCfg = Profile|Xbox 360
		{24CAEC08-5ADD-4CAB-ADF1-7DF0BA63D1D6}.Profile|Xbox 360.ActiveCfg = Profile|Xbox 360
		{24CAEC08-5ADD-4CAB-ADF1-7DF0BA63D1D6}.Profile|Xbox 360.Build.0 = Profile|Xbox 360
		{24CAEC08-5ADD-4CAB-ADF1-7DF0BA63D1D6}.Release_LTCG|Mixed Platforms.ActiveCfg = Release_LTCG|Xbox 360
		{24CAEC08-5ADD-4CAB-ADF1-7DF0BA63D1D6}.Release_LTCG|Mixed Platforms.Build.0 = Release_LTCG|Xbox 360
		{24CAEC08-5ADD-4CAB-ADF1-7DF0BA63D1D6}.Release_LTCG|Win32.ActiveCfg = Release_LTCG|Xbox 360
		{24CAEC08-5ADD-4CAB-ADF1-7DF0BA63D1D6}.Release_LTCG|Xbox 360.ActiveCfg = Release_LTCG|Xbox 360
		{24CAEC08-5ADD-4CAB-ADF1-7DF0BA63D1D6}.Release_LTCG|Xbox 360.Build.0 = Release_LTCG|Xbox 360
		{24CAEC08-5ADD-4CAB-ADF1-7DF0BA63D1D6}.Release|Mixed Platforms.ActiveCfg = Release|Xbox 360
		{24CAEC08-5ADD-4CAB-ADF1-7DF0BA63D1D6}.Release|Mixed Platforms.Build.0 = Release|Xbox 360
		{24CAEC08-5ADD-4CAB-ADF1-7DF0BA63D1D6}.Release|Win32.ActiveCfg = Release|Xbox 360
		{24CAEC08-5ADD-4CAB-ADF1-7DF0BA63D1D6}.Release|Xbox 360.ActiveCfg = Release|Xbox 360
		{24CAEC08-5ADD-4CAB-ADF1-7DF0BA63D1D6}.Release|Xbox 360.Build.0 = Release|Xbox 360
		{24CAEC08-5ADD-4CAB-ADF1-7DF0BA63D1D6}.ReleaseHavok|Mixed Platforms.ActiveCfg = Release_LTCG|Xbox 360
		{24CAEC08-5ADD-4CAB-ADF1-7DF0BA63D1D6}.ReleaseHavok|Mixed Platforms.Build.0 = Release_LTCG|Xbox 360
		{24CAEC08-5ADD-4CAB-ADF1-7DF0BA63D1D6}.ReleaseHavok|Win32.ActiveCfg = Release_LTCG|Xbox 360
		{24CAEC08-5ADD-4CAB-ADF1-7DF0BA63D1D6}.ReleaseHavok|Xbox 360.ActiveCfg = Release|Xbox 360
		{24CAEC08-5ADD-4CAB-ADF1-7DF0BA63D1D6}.ReleaseHavok|Xbox 360.Build.0 = Release|Xbox 360
		{0E0DAD94-E64A-4E1E-8E88-10A7F23F50BD}.Debug|Mixed Platforms.ActiveCfg = Debug|Xbox 360
		{0E0DAD94-E64A-4E1E-8E88-10A7F23F50BD}.Debug|Mixed Platforms.Build.0 = Debug|Xbox 360
		{0E0DAD94-E64A-4E1E-8E88-10A7F23F50BD}.Debug|Win32.ActiveCfg = Debug|Xbox 360
		{0E0DAD94-E64A-4E1E-8E88-10A7F23F50BD}.Debug|Xbox 360.ActiveCfg = Debug|Xbox 360
		{0E0DAD94-E64A-4E1E-8E88-10A7F23F50BD}.Debug|Xbox 360.Build.0 = Debug|Xbox 360
		{0E0DAD94-E64A-4E1E-8E88-10A7F23F50BD}.DLL ASM Debug|Mixed Platforms.ActiveCfg = Debug|Xbox 360
		{0E0DAD94-E64A-4E1E-8E88-10A7F23F50BD}.DLL ASM Debug|Mixed Platforms.Build.0 = Debug|Xbox 360
		{0E0DAD94-E64A-4E1E-8E88-10A7F23F50BD}.DLL ASM Debug|Win32.ActiveCfg = Debug|Xbox 360
		{0E0DAD94-E64A-4E1E-8E88-10A7F23F50BD}.DLL ASM Debug|Xbox 360.ActiveCfg = Debug|Xbox 360
		{0E0DAD94-E64A-4E1E-8E88-10A7F23F50BD}.DLL ASM Debug|Xbox 360.Build.0 = Debug|Xbox 360
		{0E0DAD94-E64A-4E1E-8E88-10A7F23F50BD}.DLL ASM Release|Mixed Platforms.ActiveCfg = Release|Xbox 360
		{0E0DAD94-E64A-4E1E-8E88-10A7F23F50BD}.DLL ASM Release|Mixed Platforms.Build.0 = Release|Xbox 360
		{0E0DAD94-E64A-4E1E-8E88-10A7F23F50BD}.DLL ASM Release|Win32.ActiveCfg = Release|Xbox 360
		{0E0DAD94-E64A-4E1E-8E88-10A7F23F50BD}.DLL ASM Release|Xbox 360.ActiveCfg = Release|Xbox 360
		{0E0DAD94-E64A-4E1E-8E88-10A7F23F50BD}.DLL ASM Release|Xbox 360.Build.0 = Release|Xbox 360
		{0E0DAD94-E64A-4E1E-8E88-10A7F23F50BD}.DLL Debug|Mixed Platforms.ActiveCfg = Debug|Xbox 360
		{0E0DAD94-E64A-4E1E-8E88-10A7F23F50BD}.DLL Debug|Mixed Platforms.Build.0 = Debug|Xbox 360
		{0E0DAD94-E64A-4E1E-8E88-10A7F23F50BD}.DLL Debug|Win32.ActiveCfg = Debug|Xbox 360
		{0E0DAD94-E64A-4E1E-8E88-10A7F23F50BD}.DLL Debug|Xbox 360.ActiveCfg = Debug|Xbox 360
		{0E0DAD94-E64A-4E1E-8E88-10A7F23F50BD}.DLL Debug|Xbox 360.Build.0 = Debug|Xbox 360
		{0E0DAD94-E64A-4E1E-8E88-10A7F23F50BD}.DLL Release|Mixed Platforms.ActiveCfg = Release|Xbox 360
		{0E0DAD94-E64A-4E1E-8E88-10A7F23F50BD}.DLL Release|Mixed Platforms.Build.0 = Release|Xbox 360
		{0E0DAD94-E64A-4E1E-8E88-10A7F23F50BD}.DLL Release|Win32.ActiveCfg = Release|Xbox 360
		{0E0DAD94-E64A-4E1E-8E88-10A7F23F50BD}.DLL Release|Xbox 360.ActiveCfg = Release|Xbox 360
		{0E0DAD94-E64A-4E1E-8E88-10A7F23F50BD}.DLL Release|Xbox 360.Build.0 = Release|Xbox 360
		{0E0DAD94-E64A-4E1E-8E88-10A7F23F50BD}.LIB ASM Debug|Mixed Platforms.ActiveCfg = Debug|Xbox 360
		{0E0DAD94-E64A-4E1E-8E88-10A7F23F50BD}.LIB ASM Debug|Mixed Platforms.Build.0 = Debug|Xbox 360
		{0E0DAD94-E64A-4E1E-8E88-10A7F23F50BD}.LIB ASM Debug|Win32.ActiveCfg = Debug|Xbox 360
		{0E0DAD94-E64A-4E1E-8E88-10A7F23F50BD}.LIB ASM Debug|Xbox 360.ActiveCfg = Debug|Xbox 360
		{0E0DAD94-E64A-4E1E-8E88-10A7F23F50BD}.LIB ASM Debug|Xbox 360.Build.0 = Debug|Xbox 360
		{0E0DAD94-E64A-4E1E-8E88-10A7F23F50BD}.LIB ASM Release|Mixed Platforms.ActiveCfg = Release|Xbox 360
		{0E0DAD94-E64A-4E1E-8E88-10A7F23F50BD}.LIB ASM Release|Mixed Platforms.Build.0 = Release|Xbox 360
		{0E0DAD94-E64A-4E1E-8E88-10A7F23F50BD}.LIB ASM Release|Win32.ActiveCfg = Release|Xbox 360
		{0E0DAD94-E64A-4E1E-8E88-10A7F23F50BD}.LIB ASM Release|Xbox 360.ActiveCfg = Release|Xbox 360
		{0E0DAD94-E64A-4E1E-8E88-10A7F23F50BD}.LIB ASM Release|Xbox 360.Build.0 = Release|Xbox 360
		{0E0DAD94-E64A-4E1E-8E88-10A7F23F50BD}.LIB Debug|Mixed Platforms.ActiveCfg = Debug|Xbox 360
		{0E0DAD94-E64A-4E1E-8E88-10A7F23F50BD}.LIB Debug|Mixed Platforms.Build.0 = Debug|Xbox 360
		{0E0DAD94-E64A-4E1E-8E88-10A7F23F50BD}.LIB Debug|Win32.ActiveCfg = Debug|Xbox 360
		{0E0DAD94-E64A-4E1E-8E88-10A7F23F50BD}.LIB Debug|Xbox 360.ActiveCfg = Debug|Xbox 360
		{0E0DAD94-E64A-4E1E-8E88-10A7F23F50BD}.LIB Debug|Xbox 360.Build.0 = Debug|Xbox 360
		{0E0DAD94-E64A-4E1E-8E88-10A7F23F50BD}.LIB Release|Mixed Platforms.ActiveCfg = Release|Xbox 360
		{0E0DAD94-E64A-4E1E-8E88-10A7F23F50BD}.LIB Release|Mixed Platforms.Build.0 = Release|Xbox 360
		{0E0DAD94-E64A-4E1E-8E88-10A7F23F50BD}.LIB Release|Win32.ActiveCfg = Release|Xbox 360
		{0E0DAD94-E64A-4E1E-8E88-10A7F23F50BD}.LIB Release|Xbox 360.ActiveCfg = Release|Xbox 360
		{0E0DAD94-E64A-4E1E-8E88-10A7F23F50BD}.LIB Release|Xbox 360.Build.0 = Release|Xbox 360
		{0E0DAD94-E64A-4E1E-8E88-10A7F23F50BD}.Profile_FastCap|Mixed Platforms.ActiveCfg = Profile_FastCap|Xbox 360
		{0E0DAD94-E64A-4E1E-8E88-10A7F23F50BD}.Profile_FastCap|Mixed Platforms.Build.0 = Profile_FastCap|Xbox 360
		{0E0DAD94-E64A-4E1E-8E88-10A7F23F50BD}.Profile_FastCap|Win32.ActiveCfg = Profile_FastCap|Xbox 360
		{0E0DAD94-E64A-4E1E-8E88-10A7F23F50BD}.Profile_FastCap|Xbox 360.ActiveCfg = Profile_FastCap|Xbox 360
		{0E0DAD94-E64A-4E1E-8E88-10A7F23F50BD}.Profile_FastCap|Xbox 360.Build.0 = Profile_FastCap|Xbox 360
		{0E0DAD94-E64A-4E1E-8E88-10A7F23F50BD}.Profile|Mixed Platforms.ActiveCfg = Profile|Xbox 360
		{0E0DAD94-E64A-4E1E-8E88-10A7F23F50BD}.Profile|Mixed Platforms.Build.0 = Profile|Xbox 360
		{0E0DAD94-E64A-4E1E-8E88-10A7F23F50BD}.Profile|Win32.ActiveCfg = Profile|Xbox 360
		{0E0DAD94-E64A-4E1E-8E88-10A7F23F50BD}.Profile|Xbox 360.ActiveCfg = Profile|Xbox 360
		{0E0DAD94-E64A-4E1E-8E88-10A7F23F50BD}.Profile|Xbox 360.Build.0 = Profile|Xbox 360
		{0E0DAD94-E64A-4E1E-8E88-10A7F23F50BD}.Release_LTCG|Mixed Platforms.ActiveCfg = Release_LTCG|Xbox 360
		{0E0DAD94-E64A-4E1E-8E88-10A7F23F50BD}.Release_LTCG|Mixed Platforms.Build.0 = Release_LTCG|Xbox 360
		{0E0DAD94-E64A-4E1E-8E88-10A7F23F50BD}.Release_LTCG|Win32.ActiveCfg = Release_LTCG|Xbox 360
		{0E0DAD94-E64A-4E1E-8E88-10A7F23F50BD}.Release_LTCG|Xbox 360.ActiveCfg = Release_LTCG|Xbox 360
		{0E0DAD94-E64A-4E1E-8E88-10A7F23F50BD}.Release_LTCG|Xbox 360.Build.0 = Release_LTCG|Xbox 360
		{0E0DAD94-E64A-4E1E-8E88-10A7F23F50BD}.Release|Mixed Platforms.ActiveCfg = Release|Xbox 360
		{0E0DAD94-E64A-4E1E-8E88-10A7F23F50BD}.Release|Mixed Platforms.Build.0 = Release|Xbox 360
		{0E0DAD94-E64A-4E1E-8E88-10A7F23F50BD}.Release|Win32.ActiveCfg = Release|Xbox 360
		{0E0DAD94-E64A-4E1E-8E88-10A7F23F50BD}.Release|Xbox 360.ActiveCfg = Release|Xbox 360
		{0E0DAD94-E64A-4E1E-8E88-10A7F23F50BD}.Release|Xbox 360.Build.0 = Release|Xbox 360
		{0E0DAD94-E64A-4E1E-8E88-10A7F23F50BD}.ReleaseHavok|Mixed Platforms.ActiveCfg = ReleaseHavok|Xbox 360
		{0E0DAD94-E64A-4E1E-8E88-10A7F23F50BD}.ReleaseHavok|Mixed Platforms.Build.0 = ReleaseHavok|Xbox 360
		{0E0DAD94-E64A-4E1E-8E88-10A7F23F50BD}.ReleaseHavok|Win32.ActiveCfg = ReleaseHavok|Xbox 360
		{0E0DAD94-E64A-4E1E-8E88-10A7F23F50BD}.ReleaseHavok|Xbox 360.ActiveCfg = Release|Xbox 360
		{0E0DAD94-E64A-4E1E-8E88-10A7F23F50BD}.ReleaseHavok|Xbox 360.Build.0 = Release|Xbox 360
		{91D208A6-9936-47FD-9659-67205C3EB0AB}.Debug|Mixed Platforms.ActiveCfg = Debug|Xbox 360
		{91D208A6-9936-47FD-9659-67205C3EB0AB}.Debug|Mixed Platforms.Build.0 = Debug|Xbox 360
		{91D208A6-9936-47FD-9659-67205C3EB0AB}.Debug|Win32.ActiveCfg = Debug|Xbox 360
		{91D208A6-9936-47FD-9659-67205C3EB0AB}.Debug|Xbox 360.ActiveCfg = Debug|Xbox 360
		{91D208A6-9936-47FD-9659-67205C3EB0AB}.Debug|Xbox 360.Build.0 = Debug|Xbox 360
		{91D208A6-9936-47FD-9659-67205C3EB0AB}.DLL ASM Debug|Mixed Platforms.ActiveCfg = Debug|Xbox 360
		{91D208A6-9936-47FD-9659-67205C3EB0AB}.DLL ASM Debug|Mixed Platforms.Build.0 = Debug|Xbox 360
		{91D208A6-9936-47FD-9659-67205C3EB0AB}.DLL ASM Debug|Win32.ActiveCfg = Debug|Xbox 360
		{91D208A6-9936-47FD-9659-67205C3EB0AB}.DLL ASM Debug|Xbox 360.ActiveCfg = Debug|Xbox 360
		{91D208A6-9936-47FD-9659-67205C3EB0AB}.DLL ASM Debug|Xbox 360.Build.0 = Debug|Xbox 360
		{91D208A6-9936-47FD-9659-67205C3EB0AB}.DLL ASM Release|Mixed Platforms.ActiveCfg = Release|Xbox 360
		{91D208A6-9936-47FD-9659-67205C3EB0AB}.DLL ASM Release|Mixed Platforms.Build.0 = Release|Xbox 360
		{91D208A6-9936-47FD-9659-67205C3EB0AB}.DLL ASM Release|Win32.ActiveCfg = Release|Xbox 360
		{91D208A6-9936-47FD-9659-67205C3EB0AB}.DLL ASM Release|Xbox 360.ActiveCfg = Release|Xbox 360
		{91D208A6-9936-47FD-9659-67205C3EB0AB}.DLL ASM Release|Xbox 360.Build.0 = Release|Xbox 360
		{91D208A6-9936-47FD-9659-67205C3EB0AB}.DLL Debug|Mixed Platforms.ActiveCfg = Debug|Xbox 360
		{91D208A6-9936-47FD-9659-67205C3EB0AB}.DLL Debug|Mixed Platforms.Build.0 = Debug|Xbox 360
		{91D208A6-9936-47FD-9659-67205C3EB0AB}.DLL Debug|Win32.ActiveCfg = Debug|Xbox 360
		{91D208A6-9936-47FD-9659-67205C3EB0AB}.DLL Debug|Xbox 360.ActiveCfg = Debug|Xbox 360
		{91D208A6-9936-47FD-9659-67205C3EB0AB}.DLL Debug|Xbox 360.Build.0 = Debug|Xbox 360
		{91D208A6-9936-47FD-9659-67205C3EB0AB}.DLL Release|Mixed Platforms.ActiveCfg = Release|Xbox 360
		{91D208A6-9936-47FD-9659-67205C3EB0AB}.DLL Release|Mixed Platforms.Build.0 = Release|Xbox 360
		{91D208A6-9936-47FD-9659-67205C3EB0AB}.DLL Release|Win32.ActiveCfg = Release|Xbox 360
		{91D208A6-9936-47FD-9659-67205C3EB0AB}.DLL Release|Xbox 360.ActiveCfg = Release|Xbox 360
		{91D208A6-9936-47FD-9659-67205C3EB0AB}.DLL Release|Xbox 360.Build.0 = Release|Xbox 360
		{91D208A6-9936-47FD-9659-67205C3EB0AB}.LIB ASM Debug|Mixed Platforms.ActiveCfg = Debug|Xbox 360
		{91D208A6-9936-47FD-9659-67205C3EB0AB}.LIB ASM Debug|Mixed Platforms.Build.0 = Debug|Xbox 360
		{91D208A6-9936-47FD-9659-67205C3EB0AB}.LIB ASM Debug|Win32.ActiveCfg = Debug|Xbox 360
		{91D208A6-9936-47FD-9659-67205C3EB0AB}.LIB ASM Debug|Xbox 360.ActiveCfg = Debug|Xbox 360
		{91D208A6-9936-47FD-9659-67205C3EB0AB}.LIB ASM Debug|Xbox 360.Build.0 = Debug|Xbox 360
		{91D208A6-9936-47FD-9659-67205C3EB0AB}.LIB ASM Release|Mixed Platforms.ActiveCfg = Release|Xbox 360
		{91D208A6-9936-47FD-9659-67205C3EB0AB}.LIB ASM Release|Mixed Platforms.Build.0 = Release|Xbox 360
		{91D208A6-9936-47FD-9659-67205C3EB0AB}.LIB ASM Release|Win32.ActiveCfg = Release|Xbox 360
		{91D208A6-9936-47FD-9659-67205C3EB0AB}.LIB ASM Release|Xbox 360.ActiveCfg = Release|Xbox 360
		{91D208A6-9936-47FD-9659-67205C3EB0AB}.LIB ASM Release|Xbox 360.Build.0 = Release|Xbox 360
		{91D208A6-9936-47FD-9659-67205C3EB0AB}.LIB Debug|Mixed Platforms.ActiveCfg = Debug|Xbox 360
		{91D208A6-9936-47FD-9659-67205C3EB0AB}.LIB Debug|Mixed Platforms.Build.0 = Debug|Xbox 360
		{91D208A6-9936-47FD-9659-67205C3EB0AB}.LIB Debug|Win32.ActiveCfg = Debug|Xbox 360
		{91D208A6-9936-47FD-9659-67205C3EB0AB}.LIB Debug|Xbox 360.ActiveCfg = Debug|Xbox 360
		{91D208A6-9936-47FD-9659-67205C3EB0AB}.LIB Debug|Xbox 360.Build.0 = Debug|Xbox 360
		{91D208A6-9936-47FD-9659-67205C3EB0AB}.LIB Release|Mixed Platforms.ActiveCfg = Release|Xbox 360
		{91D208A6-9936-47FD-9659-67205C3EB0AB}.LIB Release|Mixed Platforms.Build.0 = Release|Xbox 360
		{91D208A6-9936-47FD-9659-67205C3EB0AB}.LIB Release|Win32.ActiveCfg = Release|Xbox 360
		{91D208A6-9936-47FD-9659-67205C3EB0AB}.LIB Release|Xbox 360.ActiveCfg = Release|Xbox 360
		{91D208A6-9936-47FD-9659-67205C3EB0AB}.LIB Release|Xbox 360.Build.0 = Release|Xbox 360
		{91D208A6-9936-47FD-9659-67205C3EB0AB}.Profile_FastCap|Mixed Platforms.ActiveCfg = Profile_FastCap|Xbox 360
		{91D208A6-9936-47FD-9659-67205C3EB0AB}.Profile_FastCap|Mixed Platforms.Build.0 = Profile_FastCap|Xbox 360
		{91D208A6-9936-47FD-9659-67205C3EB0AB}.Profile_FastCap|Win32.ActiveCfg = Profile_FastCap|Xbox 360
		{91D208A6-9936-47FD-9659-67205C3EB0AB}.Profile_FastCap|Xbox 360.ActiveCfg = Profile_FastCap|Xbox 360
		{91D208A6-9936-47FD-9659-67205C3EB0AB}.Profile_FastCap|Xbox 360.Build.0 = Profile_FastCap|Xbox 360
		{91D208A6-9936-47FD-9659-67205C3EB0AB}.Profile|Mixed Platforms.ActiveCfg = Profile|Xbox 360
		{91D208A6-9936-47FD-9659-67205C3EB0AB}.Profile|Mixed Platforms.Build.0 = Profile|Xbox 360
		{91D208A6-9936-47FD-9659-67205C3EB0AB}.Profile|Win32.ActiveCfg = Profile|Xbox 360
		{91D208A6-9936-47FD-9659-67205C3EB0AB}.Profile|Xbox 360.ActiveCfg = Profile|Xbox 360
		{91D208A6-9936-47FD-9659-67205C3EB0AB}.Profile|Xbox 360.Build.0 = Profile|Xbox 360
		{91D208A6-9936-47FD-9659-67205C3EB0AB}.Release_LTCG|Mixed Platforms.ActiveCfg = Release_LTCG|Xbox 360
		{91D208A6-9936-47FD-9659-67205C3EB0AB}.Release_LTCG|Mixed Platforms.Build.0 = Release_LTCG|Xbox 360
		{91D208A6-9936-47FD-9659-67205C3EB0AB}.Release_LTCG|Win32.ActiveCfg = Release_LTCG|Xbox 360
		{91D208A6-9936-47FD-9659-67205C3EB0AB}.Release_LTCG|Xbox 360.ActiveCfg = Release_LTCG|Xbox 360
		{91D208A6-9936-47FD-9659-67205C3EB0AB}.Release_LTCG|Xbox 360.Build.0 = Release_LTCG|Xbox 360
		{91D208A6-9936-47FD-9659-67205C3EB0AB}.Release|Mixed Platforms.ActiveCfg = Release|Xbox 360
		{91D208A6-9936-47FD-9659-67205C3EB0AB}.Release|Mixed Platforms.Build.0 = Release|Xbox 360
		{91D208A6-9936-47FD-9659-67205C3EB0AB}.Release|Win32.ActiveCfg = Release|Xbox 360
		{91D208A6-9936-47FD-9659-67205C3EB0AB}.Release|Xbox 360.ActiveCfg = Release|Xbox 360
		{91D208A6-9936-47FD-9659-67205C3EB0AB}.Release|Xbox 360.Build.0 = Release|Xbox 360
		{91D208A6-9936-47FD-9659-67205C3EB0AB}.ReleaseHavok|Mixed Platforms.ActiveCfg = Release_LTCG|Xbox 360
		{91D208A6-9936-47FD-9659-67205C3EB0AB}.ReleaseHavok|Mixed Platforms.Build.0 = Release_LTCG|Xbox 360
		{91D208A6-9936-47FD-9659-67205C3EB0AB}.ReleaseHavok|Win32.ActiveCfg = Release_LTCG|Xbox 360
		{91D208A6-9936-47FD-9659-67205C3EB0AB}.ReleaseHavok|Xbox 360.ActiveCfg = Release|Xbox 360
		{91D208A6-9936-47FD-9659-67205C3EB0AB}.ReleaseHavok|Xbox 360.Build.0 = Release|Xbox 360
		{4C447C2C-D842-4EDD-9042-D86627F63027}.Debug|Mixed Platforms.ActiveCfg = Debug|Win32
		{4C447C2C-D842-4EDD-9042-D86627F63027}.Debug|Mixed Platforms.Build.0 = Debug|Win32
		{4C447C2C-D842-4EDD-9042-D86627F63027}.Debug|Win32.ActiveCfg = Debug|Win32
		{4C447C2C-D842-4EDD-9042-D86627F63027}.Debug|Win32.Build.0 = Debug|Win32
		{4C447C2C-D842-4EDD-9042-D86627F63027}.Debug|Xbox 360.ActiveCfg = Debug|Win32
		{4C447C2C-D842-4EDD-9042-D86627F63027}.DLL ASM Debug|Mixed Platforms.ActiveCfg = Debug|Xbox 360
		{4C447C2C-D842-4EDD-9042-D86627F63027}.DLL ASM Debug|Mixed Platforms.Build.0 = Debug|Xbox 360
		{4C447C2C-D842-4EDD-9042-D86627F63027}.DLL ASM Debug|Win32.ActiveCfg = Debug|Win32
		{4C447C2C-D842-4EDD-9042-D86627F63027}.DLL ASM Debug|Win32.Build.0 = Debug|Win32
		{4C447C2C-D842-4EDD-9042-D86627F63027}.DLL ASM Debug|Xbox 360.ActiveCfg = Debug|Xbox 360
		{4C447C2C-D842-4EDD-9042-D86627F63027}.DLL ASM Debug|Xbox 360.Build.0 = Debug|Xbox 360
		{4C447C2C-D842-4EDD-9042-D86627F63027}.DLL ASM Release|Mixed Platforms.ActiveCfg = Release|Xbox 360
		{4C447C2C-D842-4EDD-9042-D86627F63027}.DLL ASM Release|Mixed Platforms.Build.0 = Release|Xbox 360
		{4C447C2C-D842-4EDD-9042-D86627F63027}.DLL ASM Release|Win32.ActiveCfg = Release|Win32
		{4C447C2C-D842-4EDD-9042-D86627F63027}.DLL ASM Release|Win32.Build.0 = Release|Win32
		{4C447C2C-D842-4EDD-9042-D86627F63027}.DLL ASM Release|Xbox 360.ActiveCfg = Release|Xbox 360
		{4C447C2C-D842-4EDD-9042-D86627F63027}.DLL ASM Release|Xbox 360.Build.0 = Release|Xbox 360
		{4C447C2C-D842-4EDD-9042-D86627F63027}.DLL Debug|Mixed Platforms.ActiveCfg = Debug|Xbox 360
		{4C447C2C-D842-4EDD-9042-D86627F63027}.DLL Debug|Mixed Platforms.Build.0 = Debug|Xbox 360
		{4C447C2C-D842-4EDD-9042-D86627F63027}.DLL Debug|Win32.ActiveCfg = Debug|Win32
		{4C447C2C-D842-4EDD-9042-D86627F63027}.DLL Debug|Win32.Build.0 = Debug|Win32
		{4C447C2C-D842-4EDD-9042-D86627F63027}.DLL Debug|Xbox 360.ActiveCfg = Debug|Xbox 360
		{4C447C2C-D842-4EDD-9042-D86627F63027}.DLL Debug|Xbox 360.Build.0 = Debug|Xbox 360
		{4C447C2C-D842-4EDD-9042-D86627F63027}.DLL Release|Mixed Platforms.ActiveCfg = Release|Xbox 360
		{4C447C2C-D842-4EDD-9042-D86627F63027}.DLL Release|Mixed Platforms.Build.0 = Release|Xbox 360
		{4C447C2C-D842-4EDD-9042-D86627F63027}.DLL Release|Win32.ActiveCfg = Release|Win32
		{4C447C2C-D842-4EDD-9042-D86627F63027}.DLL Release|Win32.Build.0 = Release|Win32
		{4C447C2C-D842-4EDD-9042-D86627F63027}.DLL Release|Xbox 360.ActiveCfg = Release|Xbox 360
		{4C447C2C-D842-4EDD-9042-D86627F63027}.DLL Release|Xbox 360.Build.0 = Release|Xbox 360
		{4C447C2C-D842-4EDD-9042-D86627F63027}.LIB ASM Debug|Mixed Platforms.ActiveCfg = Debug|Xbox 360
		{4C447C2C-D842-4EDD-9042-D86627F63027}.LIB ASM Debug|Mixed Platforms.Build.0 = Debug|Xbox 360
		{4C447C2C-D842-4EDD-9042-D86627F63027}.LIB ASM Debug|Win32.ActiveCfg = Debug|Win32
		{4C447C2C-D842-4EDD-9042-D86627F63027}.LIB ASM Debug|Win32.Build.0 = Debug|Win32
		{4C447C2C-D842-4EDD-9042-D86627F63027}.LIB ASM Debug|Xbox 360.ActiveCfg = Debug|Xbox 360
		{4C447C2C-D842-4EDD-9042-D86627F63027}.LIB ASM Debug|Xbox 360.Build.0 = Debug|Xbox 360
		{4C447C2C-D842-4EDD-9042-D86627F63027}.LIB ASM Release|Mixed Platforms.ActiveCfg = Release|Xbox 360
		{4C447C2C-D842-4EDD-9042-D86627F63027}.LIB ASM Release|Mixed Platforms.Build.0 = Release|Xbox 360
		{4C447C2C-D842-4EDD-9042-D86627F63027}.LIB ASM Release|Win32.ActiveCfg = Release|Win32
		{4C447C2C-D842-4EDD-9042-D86627F63027}.LIB ASM Release|Win32.Build.0 = Release|Win32
		{4C447C2C-D842-4EDD-9042-D86627F63027}.LIB ASM Release|Xbox 360.ActiveCfg = Release|Xbox 360
		{4C447C2C-D842-4EDD-9042-D86627F63027}.LIB ASM Release|Xbox 360.Build.0 = Release|Xbox 360
		{4C447C2C-D842-4EDD-9042-D86627F63027}.LIB Debug|Mixed Platforms.ActiveCfg = Debug|Xbox 360
		{4C447C2C-D842-4EDD-9042-D86627F63027}.LIB Debug|Mixed Platforms.Build.0 = Debug|Xbox 360
		{4C447C2C-D842-4EDD-9042-D86627F63027}.LIB Debug|Win32.ActiveCfg = Debug|Win32
		{4C447C2C-D842-4EDD-9042-D86627F63027}.LIB Debug|Win32.Build.0 = Debug|Win32
		{4C447C2C-D842-4EDD-9042-D86627F63027}.LIB Debug|Xbox 360.ActiveCfg = Debug|Xbox 360
		{4C447C2C-D842-4EDD-9042-D86627F63027}.LIB Debug|Xbox 360.Build.0 = Debug|Xbox 360
		{4C447C2C-D842-4EDD-9042-D86627F63027}.LIB Release|Mixed Platforms.ActiveCfg = Release|Xbox 360
		{4C447C2C-D842-4EDD-9042-D86627F63027}.LIB Release|Mixed Platforms.Build.0 = Release|Xbox 360
		{4C447C2C-D842-4EDD-9042-D86627F63027}.LIB Release|Win32.ActiveCfg = Release|Win32
		{4C447C2C-D842-4EDD-9042-D86627F63027}.LIB Release|Win32.Build.0 = Release|Win32
		{4C447C2C-D842-4EDD-9042-D86627F63027}.LIB Release|Xbox 360.ActiveCfg = Release|Xbox 360
		{4C447C2C-D842-4EDD-9042-D86627F63027}.LIB Release|Xbox 360.Build.0 = Release|Xbox 360
		{4C447C2C-D842-4EDD-9042-D86627F63027}.Profile_FastCap|Mixed Platforms.ActiveCfg = Release|Win32
		{4C447C2C-D842-4EDD-9042-D86627F63027}.Profile_FastCap|Mixed Platforms.Build.0 = Release|Win32
		{4C447C2C-D842-4EDD-9042-D86627F63027}.Profile_FastCap|Win32.ActiveCfg = Release|Win32
		{4C447C2C-D842-4EDD-9042-D86627F63027}.Profile_FastCap|Win32.Build.0 = Release|Win32
		{4C447C2C-D842-4EDD-9042-D86627F63027}.Profile_FastCap|Xbox 360.ActiveCfg = Release|Win32
		{4C447C2C-D842-4EDD-9042-D86627F63027}.Profile|Mixed Platforms.ActiveCfg = Release|Win32
		{4C447C2C-D842-4EDD-9042-D86627F63027}.Profile|Mixed Platforms.Build.0 = Release|Win32
		{4C447C2C-D842-4EDD-9042-D86627F63027}.Profile|Win32.ActiveCfg = Release|Win32
		{4C447C2C-D842-4EDD-9042-D86627F63027}.Profile|Win32.Build.0 = Release|Win32
		{4C447C2C-D842-4EDD-9042-D86627F63027}.Profile|Xbox 360.ActiveCfg = Release|Win32
		{4C447C2C-D842-4EDD-9042-D86627F63027}.Release_LTCG|Mixed Platforms.ActiveCfg = Release|Win32
		{4C447C2C-D842-4EDD-9042-D86627F63027}.Release_LTCG|Mixed Platforms.Build.0 = Release|Win32
		{4C447C2C-D842-4EDD-9042-D86627F63027}.Release_LTCG|Win32.ActiveCfg = Release|Win32
		{4C447C2C-D842-4EDD-9042-D86627F63027}.Release_LTCG|Win32.Build.0 = Release|Win32
		{4C447C2C-D842-4EDD-9042-D86627F63027}.Release_LTCG|Xbox 360.ActiveCfg = Release|Win32
		{4C447C2C-D842-4EDD-9042-D86627F63027}.Release|Mixed Platforms.ActiveCfg = Release|Win32
		{4C447C2C-D842-4EDD-9042-D86627F63027}.Release|Mixed Platforms.Build.0 = Release|Win32
		{4C447C2C-D842-4EDD-9042-D86627F63027}.Release|Win32.ActiveCfg = Release|Win32
		{4C447C2C-D842-4EDD-9042-D86627F63027}.Release|Win32.Build.0 = Release|Win32
		{4C447C2C-D842-4EDD-9042-D86627F63027}.Release|Xbox 360.ActiveCfg = Release|Xbox 360
		{4C447C2C-D842-4EDD-9042-D86627F63027}.ReleaseHavok|Mixed Platforms.ActiveCfg = Release|Xbox 360
		{4C447C2C-D842-4EDD-9042-D86627F63027}.ReleaseHavok|Mixed Platforms.Build.0 = Release|Xbox 360
		{4C447C2C-D842-4EDD-9042-D86627F63027}.ReleaseHavok|Win32.ActiveCfg = Release|Win32
		{4C447C2C-D842-4EDD-9042-D86627F63027}.ReleaseHavok|Win32.Build.0 = Release|Win32
		{4C447C2C-D842-4EDD-9042-D86627F63027}.ReleaseHavok|Xbox 360.ActiveCfg = Release|Xbox 360
		{BB6CEE06-0A30-4AA8-9614-E94E4C57E3A2}.Debug|Mixed Platforms.ActiveCfg = DLL ASM Debug|Win32
		{BB6CEE06-0A30-4AA8-9614-E94E4C57E3A2}.Debug|Mixed Platforms.Build.0 = DLL ASM Debug|Win32
		{BB6CEE06-0A30-4AA8-9614-E94E4C57E3A2}.Debug|Win32.ActiveCfg = DLL ASM Debug|Win32
		{BB6CEE06-0A30-4AA8-9614-E94E4C57E3A2}.Debug|Win32.Build.0 = DLL ASM Debug|Win32
		{BB6CEE06-0A30-4AA8-9614-E94E4C57E3A2}.Debug|Xbox 360.ActiveCfg = DLL ASM Debug|Win32
		{BB6CEE06-0A30-4AA8-9614-E94E4C57E3A2}.DLL ASM Debug|Mixed Platforms.ActiveCfg = DLL ASM Debug|Win32
		{BB6CEE06-0A30-4AA8-9614-E94E4C57E3A2}.DLL ASM Debug|Mixed Platforms.Build.0 = DLL ASM Debug|Win32
		{BB6CEE06-0A30-4AA8-9614-E94E4C57E3A2}.DLL ASM Debug|Win32.ActiveCfg = DLL ASM Debug|Win32
		{BB6CEE06-0A30-4AA8-9614-E94E4C57E3A2}.DLL ASM Debug|Win32.Build.0 = DLL ASM Debug|Win32
		{BB6CEE06-0A30-4AA8-9614-E94E4C57E3A2}.DLL ASM Debug|Xbox 360.ActiveCfg = DLL ASM Debug|Win32
		{BB6CEE06-0A30-4AA8-9614-E94E4C57E3A2}.DLL ASM Release|Mixed Platforms.ActiveCfg = DLL ASM Release|Win32
		{BB6CEE06-0A30-4AA8-9614-E94E4C57E3A2}.DLL ASM Release|Mixed Platforms.Build.0 = DLL ASM Release|Win32
		{BB6CEE06-0A30-4AA8-9614-E94E4C57E3A2}.DLL ASM Release|Win32.ActiveCfg = DLL ASM Release|Win32
		{BB6CEE06-0A30-4AA8-9614-E94E4C57E3A2}.DLL ASM Release|Win32.Build.0 = DLL ASM Release|Win32
		{BB6CEE06-0A30-4AA8-9614-E94E4C57E3A2}.DLL ASM Release|Xbox 360.ActiveCfg = DLL ASM Release|Win32
		{BB6CEE06-0A30-4AA8-9614-E94E4C57E3A2}.DLL Debug|Mixed Platforms.ActiveCfg = DLL Debug|Win32
		{BB6CEE06-0A30-4AA8-9614-E94E4C57E3A2}.DLL Debug|Mixed Platforms.Build.0 = DLL Debug|Win32
		{BB6CEE06-0A30-4AA8-9614-E94E4C57E3A2}.DLL Debug|Win32.ActiveCfg = DLL Debug|Win32
		{BB6CEE06-0A30-4AA8-9614-E94E4C57E3A2}.DLL Debug|Win32.Build.0 = DLL Debug|Win32
		{BB6CEE06-0A30-4AA8-9614-E94E4C57E3A2}.DLL Debug|Xbox 360.ActiveCfg = DLL Debug|Win32
		{BB6CEE06-0A30-4AA8-9614-E94E4C57E3A2}.DLL Release|Mixed Platforms.ActiveCfg = DLL Release|Win32
		{BB6CEE06-0A30-4AA8-9614-E94E4C57E3A2}.DLL Release|Mixed Platforms.Build.0 = DLL Release|Win32
		{BB6CEE06-0A30-4AA8-9614-E94E4C57E3A2}.DLL Release|Win32.ActiveCfg = DLL Release|Win32
		{BB6CEE06-0A30-4AA8-9614-E94E4C57E3A2}.DLL Release|Win32.Build.0 = DLL Release|Win32
		{BB6CEE06-0A30-4AA8-9614-E94E4C57E3A2}.DLL Release|Xbox 360.ActiveCfg = DLL Release|Win32
		{BB6CEE06-0A30-4AA8-9614-E94E4C57E3A2}.LIB ASM Debug|Mixed Platforms.ActiveCfg = LIB ASM Debug|Win32
		{BB6CEE06-0A30-4AA8-9614-E94E4C57E3A2}.LIB ASM Debug|Mixed Platforms.Build.0 = LIB ASM Debug|Win32
		{BB6CEE06-0A30-4AA8-9614-E94E4C57E3A2}.LIB ASM Debug|Win32.ActiveCfg = LIB ASM Debug|Win32
		{BB6CEE06-0A30-4AA8-9614-E94E4C57E3A2}.LIB ASM Debug|Win32.Build.0 = LIB ASM Debug|Win32
		{BB6CEE06-0A30-4AA8-9614-E94E4C57E3A2}.LIB ASM Debug|Xbox 360.ActiveCfg = LIB ASM Debug|Win32
		{BB6CEE06-0A30-4AA8-9614-E94E4C57E3A2}.LIB ASM Release|Mixed Platforms.ActiveCfg = LIB ASM Release|Win32
		{BB6CEE06-0A30-4AA8-9614-E94E4C57E3A2}.LIB ASM Release|Mixed Platforms.Build.0 = LIB ASM Release|Win32
		{BB6CEE06-0A30-4AA8-9614-E94E4C57E3A2}.LIB ASM Release|Win32.ActiveCfg = LIB ASM Release|Win32
		{BB6CEE06-0A30-4AA8-9614-E94E4C57E3A2}.LIB ASM Release|Win32.Build.0 = LIB ASM Release|Win32
		{BB6CEE06-0A30-4AA8-9614-E94E4C57E3A2}.LIB ASM Release|Xbox 360.ActiveCfg = LIB ASM Release|Win32
		{BB6CEE06-0A30-4AA8-9614-E94E4C57E3A2}.LIB Debug|Mixed Platforms.ActiveCfg = LIB Debug|Win32
		{BB6CEE06-0A30-4AA8-9614-E94E4C57E3A2}.LIB Debug|Mixed Platforms.Build.0 = LIB Debug|Win32
		{BB6CEE06-0A30-4AA8-9614-E94E4C57E3A2}.LIB Debug|Win32.ActiveCfg = LIB Debug|Win32
		{BB6CEE06-0A30-4AA8-9614-E94E4C57E3A2}.LIB Debug|Win32.Build.0 = LIB Debug|Win32
		{BB6CEE06-0A30-4AA8-9614-E94E4C57E3A2}.LIB Debug|Xbox 360.ActiveCfg = LIB Debug|Win32
		{BB6CEE06-0A30-4AA8-9614-E94E4C57E3A2}.LIB Release|Mixed Platforms.ActiveCfg = LIB Release|Win32
		{BB6CEE06-0A30-4AA8-9614-E94E4C57E3A2}.LIB Release|Mixed Platforms.Build.0 = LIB Release|Win32
		{BB6CEE06-0A30-4AA8-9614-E94E4C57E3A2}.LIB Release|Win32.ActiveCfg = LIB Release|Win32
		{BB6CEE06-0A30-4AA8-9614-E94E4C57E3A2}.LIB Release|Win32.Build.0 = LIB Release|Win32
		{BB6CEE06-0A30-4AA8-9614-E94E4C57E3A2}.LIB Release|Xbox 360.ActiveCfg = LIB Release|Win32
		{BB6CEE06-0A30-4AA8-9614-E94E4C57E3A2}.Profile_FastCap|Mixed Platforms.ActiveCfg = DLL ASM Debug|Win32
		{BB6CEE06-0A30-4AA8-9614-E94E4C57E3A2}.Profile_FastCap|Mixed Platforms.Build.0 = DLL ASM Debug|Win32
		{BB6CEE06-0A30-4AA8-9614-E94E4C57E3A2}.Profile_FastCap|Win32.ActiveCfg = DLL ASM Debug|Win32
		{BB6CEE06-0A30-4AA8-9614-E94E4C57E3A2}.Profile_FastCap|Win32.Build.0 = DLL ASM Debug|Win32
		{BB6CEE06-0A30-4AA8-9614-E94E4C57E3A2}.Profile_FastCap|Xbox 360.ActiveCfg = DLL ASM Debug|Win32
		{BB6CEE06-0A30-4AA8-9614-E94E4C57E3A2}.Profile|Mixed Platforms.ActiveCfg = DLL ASM Debug|Win32
		{BB6CEE06-0A30-4AA8-9614-E94E4C57E3A2}.Profile|Mixed Platforms.Build.0 = DLL ASM Debug|Win32
		{BB6CEE06-0A30-4AA8-9614-E94E4C57E3A2}.Profile|Win32.ActiveCfg = DLL ASM Debug|Win32
		{BB6CEE06-0A30-4AA8-9614-E94E4C57E3A2}.Profile|Win32.Build.0 = DLL ASM Debug|Win32
		{BB6CEE06-0A30-4AA8-9614-E94E4C57E3A2}.Profile|Xbox 360.ActiveCfg = DLL ASM Debug|Win32
		{BB6CEE06-0A30-4AA8-9614-E94E4C57E3A2}.Release_LTCG|Mixed Platforms.ActiveCfg = DLL ASM Debug|Win32
		{BB6CEE06-0A30-4AA8-9614-E94E4C57E3A2}.Release_LTCG|Mixed Platforms.Build.0 = DLL ASM Debug|Win32
		{BB6CEE06-0A30-4AA8-9614-E94E4C57E3A2}.Release_LTCG|Win32.ActiveCfg = DLL ASM Debug|Win32
		{BB6CEE06-0A30-4AA8-9614-E94E4C57E3A2}.Release_LTCG|Win32.Build.0 = DLL ASM Debug|Win32
		{BB6CEE06-0A30-4AA8-9614-E94E4C57E3A2}.Release_LTCG|Xbox 360.ActiveCfg = DLL ASM Debug|Win32
		{BB6CEE06-0A30-4AA8-9614-E94E4C57E3A2}.Release|Mixed Platforms.ActiveCfg = DLL ASM Debug|Win32
		{BB6CEE06-0A30-4AA8-9614-E94E4C57E3A2}.Release|Mixed Platforms.Build.0 = DLL ASM Debug|Win32
		{BB6CEE06-0A30-4AA8-9614-E94E4C57E3A2}.Release|Win32.ActiveCfg = DLL Release|Win32
		{BB6CEE06-0A30-4AA8-9614-E94E4C57E3A2}.Release|Win32.Build.0 = DLL Release|Win32
		{BB6CEE06-0A30-4AA8-9614-E94E4C57E3A2}.Release|Xbox 360.ActiveCfg = DLL ASM Debug|Win32
		{BB6CEE06-0A30-4AA8-9614-E94E4C57E3A2}.ReleaseHavok|Mixed Platforms.ActiveCfg = DLL ASM Debug|Win32
		{BB6CEE06-0A30-4AA8-9614-E94E4C57E3A2}.ReleaseHavok|Mixed Platforms.Build.0 = DLL ASM Debug|Win32
		{BB6CEE06-0A30-4AA8-9614-E94E4C57E3A2}.ReleaseHavok|Win32.ActiveCfg = DLL ASM Debug|Win32
		{BB6CEE06-0A30-4AA8-9614-E94E4C57E3A2}.ReleaseHavok|Win32.Build.0 = DLL ASM Debug|Win32
		{BB6CEE06-0A30-4AA8-9614-E94E4C57E3A2}.ReleaseHavok|Xbox 360.ActiveCfg = DLL ASM Debug|Win32
		{BE0DC084-9051-4885-AA79-D0D1A9351B2C}.Debug|Mixed Platforms.ActiveCfg = DLL Release|Win32
		{BE0DC084-9051-4885-AA79-D0D1A9351B2C}.Debug|Mixed Platforms.Build.0 = DLL Release|Win32
		{BE0DC084-9051-4885-AA79-D0D1A9351B2C}.Debug|Win32.ActiveCfg = DLL Debug|Win32
		{BE0DC084-9051-4885-AA79-D0D1A9351B2C}.Debug|Win32.Build.0 = DLL Debug|Win32
		{BE0DC084-9051-4885-AA79-D0D1A9351B2C}.Debug|Xbox 360.ActiveCfg = DLL Release|Win32
		{BE0DC084-9051-4885-AA79-D0D1A9351B2C}.DLL ASM Debug|Mixed Platforms.ActiveCfg = DLL ASM Debug|Win32
		{BE0DC084-9051-4885-AA79-D0D1A9351B2C}.DLL ASM Debug|Mixed Platforms.Build.0 = DLL ASM Debug|Win32
		{BE0DC084-9051-4885-AA79-D0D1A9351B2C}.DLL ASM Debug|Win32.ActiveCfg = DLL ASM Debug|Win32
		{BE0DC084-9051-4885-AA79-D0D1A9351B2C}.DLL ASM Debug|Win32.Build.0 = DLL ASM Debug|Win32
		{BE0DC084-9051-4885-AA79-D0D1A9351B2C}.DLL ASM Debug|Xbox 360.ActiveCfg = DLL ASM Debug|Win32
		{BE0DC084-9051-4885-AA79-D0D1A9351B2C}.DLL ASM Release|Mixed Platforms.ActiveCfg = DLL ASM Release|Win32
		{BE0DC084-9051-4885-AA79-D0D1A9351B2C}.DLL ASM Release|Mixed Platforms.Build.0 = DLL ASM Release|Win32
		{BE0DC084-9051-4885-AA79-D0D1A9351B2C}.DLL ASM Release|Win32.ActiveCfg = DLL ASM Release|Win32
		{BE0DC084-9051-4885-AA79-D0D1A9351B2C}.DLL ASM Release|Win32.Build.0 = DLL ASM Release|Win32
		{BE0DC084-9051-4885-AA79-D0D1A9351B2C}.DLL ASM Release|Xbox 360.ActiveCfg = DLL ASM Release|Win32
		{BE0DC084-9051-4885-AA79-D0D1A9351B2C}.DLL Debug|Mixed Platforms.ActiveCfg = DLL Debug|Win32
		{BE0DC084-9051-4885-AA79-D0D1A9351B2C}.DLL Debug|Mixed Platforms.Build.0 = DLL Debug|Win32
		{BE0DC084-9051-4885-AA79-D0D1A9351B2C}.DLL Debug|Win32.ActiveCfg = DLL Debug|Win32
		{BE0DC084-9051-4885-AA79-D0D1A9351B2C}.DLL Debug|Win32.Build.0 = DLL Debug|Win32
		{BE0DC084-9051-4885-AA79-D0D1A9351B2C}.DLL Debug|Xbox 360.ActiveCfg = DLL Debug|Win32
		{BE0DC084-9051-4885-AA79-D0D1A9351B2C}.DLL Release|Mixed Platforms.ActiveCfg = DLL Release|Win32
		{BE0DC084-9051-4885-AA79-D0D1A9351B2C}.DLL Release|Mixed Platforms.Build.0 = DLL Release|Win32
		{BE0DC084-9051-4885-AA79-D0D1A9351B2C}.DLL Release|Win32.ActiveCfg = DLL Release|Win32
		{BE0DC084-9051-4885-AA79-D0D1A9351B2C}.DLL Release|Win32.Build.0 = DLL Release|Win32
		{BE0DC084-9051-4885-AA79-D0D1A9351B2C}.DLL Release|Xbox 360.ActiveCfg = DLL Release|Win32
		{BE0DC084-9051-4885-AA79-D0D1A9351B2C}.LIB ASM Debug|Mixed Platforms.ActiveCfg = LIB ASM Debug|Win32
		{BE0DC084-9051-4885-AA79-D0D1A9351B2C}.LIB ASM Debug|Mixed Platforms.Build.0 = LIB ASM Debug|Win32
		{BE0DC084-9051-4885-AA79-D0D1A9351B2C}.LIB ASM Debug|Win32.ActiveCfg = LIB ASM Debug|Win32
		{BE0DC084-9051-4885-AA79-D0D1A9351B2C}.LIB ASM Debug|Win32.Build.0 = LIB ASM Debug|Win32
		{BE0DC084-9051-4885-AA79-D0D1A9351B2C}.LIB ASM Debug|Xbox 360.ActiveCfg = LIB ASM Debug|Win32
		{BE0DC084-9051-4885-AA79-D0D1A9351B2C}.LIB ASM Release|Mixed Platforms.ActiveCfg = LIB ASM Release|Win32
		{BE0DC084-9051-4885-AA79-D0D1A9351B2C}.LIB ASM Release|Mixed Platforms.Build.0 = LIB ASM Release|Win32
		{BE0DC084-9051-4885-AA79-D0D1A9351B2C}.LIB ASM Release|Win32.ActiveCfg = LIB ASM Release|Win32
		{BE0DC084-9051-4885-AA79-D0D1A9351B2C}.LIB ASM Release|Win32.Build.0 = LIB ASM Release|Win32
		{BE0DC084-9051-4885-AA79-D0D1A9351B2C}.LIB ASM Release|Xbox 360.ActiveCfg = LIB ASM Release|Win32
		{BE0DC084-9051-4885-AA79-D0D1A9351B2C}.LIB Debug|Mixed Platforms.ActiveCfg = LIB Debug|Win32
		{BE0DC084-9051-4885-AA79-D0D1A9351B2C}.LIB Debug|Mixed Platforms.Build.0 = LIB Debug|Win32
		{BE0DC084-9051-4885-AA79-D0D1A9351B2C}.LIB Debug|Win32.ActiveCfg = LIB Debug|Win32
		{BE0DC084-9051-4885-AA79-D0D1A9351B2C}.LIB Debug|Win32.Build.0 = LIB Debug|Win32
		{BE0DC084-9051-4885-AA79-D0D1A9351B2C}.LIB Debug|Xbox 360.ActiveCfg = LIB Debug|Win32
		{BE0DC084-9051-4885-AA79-D0D1A9351B2C}.LIB Release|Mixed Platforms.ActiveCfg = LIB Release|Win32
		{BE0DC084-9051-4885-AA79-D0D1A9351B2C}.LIB Release|Mixed Platforms.Build.0 = LIB Release|Win32
		{BE0DC084-9051-4885-AA79-D0D1A9351B2C}.LIB Release|Win32.ActiveCfg = LIB Release|Win32
		{BE0DC084-9051-4885-AA79-D0D1A9351B2C}.LIB Release|Win32.Build.0 = LIB Release|Win32
		{BE0DC084-9051-4885-AA79-D0D1A9351B2C}.LIB Release|Xbox 360.ActiveCfg = LIB Release|Win32
		{BE0DC084-9051-4885-AA79-D0D1A9351B2C}.Profile_FastCap|Mixed Platforms.ActiveCfg = DLL Release|Win32
		{BE0DC084-9051-4885-AA79-D0D1A9351B2C}.Profile_FastCap|Mixed Platforms.Build.0 = DLL Release|Win32
		{BE0DC084-9051-4885-AA79-D0D1A9351B2C}.Profile_FastCap|Win32.ActiveCfg = DLL Release|Win32
		{BE0DC084-9051-4885-AA79-D0D1A9351B2C}.Profile_FastCap|Win32.Build.0 = DLL Release|Win32
		{BE0DC084-9051-4885-AA79-D0D1A9351B2C}.Profile_FastCap|Xbox 360.ActiveCfg = DLL Release|Win32
		{BE0DC084-9051-4885-AA79-D0D1A9351B2C}.Profile|Mixed Platforms.ActiveCfg = DLL Release|Win32
		{BE0DC084-9051-4885-AA79-D0D1A9351B2C}.Profile|Mixed Platforms.Build.0 = DLL Release|Win32
		{BE0DC084-9051-4885-AA79-D0D1A9351B2C}.Profile|Win32.ActiveCfg = DLL Release|Win32
		{BE0DC084-9051-4885-AA79-D0D1A9351B2C}.Profile|Win32.Build.0 = DLL Release|Win32
		{BE0DC084-9051-4885-AA79-D0D1A9351B2C}.Profile|Xbox 360.ActiveCfg = DLL Release|Win32
		{BE0DC084-9051-4885-AA79-D0D1A9351B2C}.Release_LTCG|Mixed Platforms.ActiveCfg = DLL Release|Win32
		{BE0DC084-9051-4885-AA79-D0D1A9351B2C}.Release_LTCG|Mixed Platforms.Build.0 = DLL Release|Win32
		{BE0DC084-9051-4885-AA79-D0D1A9351B2C}.Release_LTCG|Win32.ActiveCfg = DLL Release|Win32
		{BE0DC084-9051-4885-AA79-D0D1A9351B2C}.Release_LTCG|Win32.Build.0 = DLL Release|Win32
		{BE0DC084-9051-4885-AA79-D0D1A9351B2C}.Release_LTCG|Xbox 360.ActiveCfg = DLL Release|Win32
		{BE0DC084-9051-4885-AA79-D0D1A9351B2C}.Release|Mixed Platforms.ActiveCfg = DLL Release|Win32
		{BE0DC084-9051-4885-AA79-D0D1A9351B2C}.Release|Mixed Platforms.Build.0 = DLL Release|Win32
		{BE0DC084-9051-4885-AA79-D0D1A9351B2C}.Release|Win32.ActiveCfg = DLL Release|Win32
		{BE0DC084-9051-4885-AA79-D0D1A9351B2C}.Release|Win32.Build.0 = DLL Release|Win32
		{BE0DC084-9051-4885-AA79-D0D1A9351B2C}.Release|Xbox 360.ActiveCfg = DLL Release|Win32
		{BE0DC084-9051-4885-AA79-D0D1A9351B2C}.ReleaseHavok|Mixed Platforms.ActiveCfg = DLL Release|Win32
		{BE0DC084-9051-4885-AA79-D0D1A9351B2C}.ReleaseHavok|Mixed Platforms.Build.0 = DLL Release|Win32
		{BE0DC084-9051-4885-AA79-D0D1A9351B2C}.ReleaseHavok|Win32.ActiveCfg = DLL Release|Win32
		{BE0DC084-9051-4885-AA79-D0D1A9351B2C}.ReleaseHavok|Win32.Build.0 = DLL Release|Win32
		{BE0DC084-9051-4885-AA79-D0D1A9351B2C}.ReleaseHavok|Xbox 360.ActiveCfg = LIB Release|Xbox 360
		{536739DA-79F7-4797-A3EF-2058F7E31FEF}.Debug|Mixed Platforms.ActiveCfg = DLL Debug|Win32
		{536739DA-79F7-4797-A3EF-2058F7E31FEF}.Debug|Mixed Platforms.Build.0 = DLL Debug|Win32
		{536739DA-79F7-4797-A3EF-2058F7E31FEF}.Debug|Win32.ActiveCfg = DLL Debug|Win32
		{536739DA-79F7-4797-A3EF-2058F7E31FEF}.Debug|Win32.Build.0 = DLL Debug|Win32
		{536739DA-79F7-4797-A3EF-2058F7E31FEF}.Debug|Xbox 360.ActiveCfg = DLL Debug|Win32
		{536739DA-79F7-4797-A3EF-2058F7E31FEF}.DLL ASM Debug|Mixed Platforms.ActiveCfg = DLL ASM Debug|Win32
		{536739DA-79F7-4797-A3EF-2058F7E31FEF}.DLL ASM Debug|Mixed Platforms.Build.0 = DLL ASM Debug|Win32
		{536739DA-79F7-4797-A3EF-2058F7E31FEF}.DLL ASM Debug|Win32.ActiveCfg = DLL ASM Debug|Win32
		{536739DA-79F7-4797-A3EF-2058F7E31FEF}.DLL ASM Debug|Win32.Build.0 = DLL ASM Debug|Win32
		{536739DA-79F7-4797-A3EF-2058F7E31FEF}.DLL ASM Debug|Xbox 360.ActiveCfg = DLL ASM Debug|Win32
		{536739DA-79F7-4797-A3EF-2058F7E31FEF}.DLL ASM Release|Mixed Platforms.ActiveCfg = DLL ASM Release|Win32
		{536739DA-79F7-4797-A3EF-2058F7E31FEF}.DLL ASM Release|Mixed Platforms.Build.0 = DLL ASM Release|Win32
		{536739DA-79F7-4797-A3EF-2058F7E31FEF}.DLL ASM Release|Win32.ActiveCfg = DLL ASM Release|Win32
		{536739DA-79F7-4797-A3EF-2058F7E31FEF}.DLL ASM Release|Win32.Build.0 = DLL ASM Release|Win32
		{536739DA-79F7-4797-A3EF-2058F7E31FEF}.DLL ASM Release|Xbox 360.ActiveCfg = DLL ASM Release|Win32
		{536739DA-79F7-4797-A3EF-2058F7E31FEF}.DLL Debug|Mixed Platforms.ActiveCfg = DLL Debug|Win32
		{536739DA-79F7-4797-A3EF-2058F7E31FEF}.DLL Debug|Mixed Platforms.Build.0 = DLL Debug|Win32
		{536739DA-79F7-4797-A3EF-2058F7E31FEF}.DLL Debug|Win32.ActiveCfg = DLL Debug|Win32
		{536739DA-79F7-4797-A3EF-2058F7E31FEF}.DLL Debug|Win32.Build.0 = DLL Debug|Win32
		{536739DA-79F7-4797-A3EF-2058F7E31FEF}.DLL Debug|Xbox 360.ActiveCfg = DLL Debug|Win32
		{536739DA-79F7-4797-A3EF-2058F7E31FEF}.DLL Release|Mixed Platforms.ActiveCfg = DLL Release|Win32
		{536739DA-79F7-4797-A3EF-2058F7E31FEF}.DLL Release|Mixed Platforms.Build.0 = DLL Release|Win32
		{536739DA-79F7-4797-A3EF-2058F7E31FEF}.DLL Release|Win32.ActiveCfg = DLL Release|Win32
		{536739DA-79F7-4797-A3EF-2058F7E31FEF}.DLL Release|Win32.Build.0 = DLL Release|Win32
		{536739DA-79F7-4797-A3EF-2058F7E31FEF}.DLL Release|Xbox 360.ActiveCfg = DLL Release|Win32
		{536739DA-79F7-4797-A3EF-2058F7E31FEF}.LIB ASM Debug|Mixed Platforms.ActiveCfg = LIB ASM Debug|Win32
		{536739DA-79F7-4797-A3EF-2058F7E31FEF}.LIB ASM Debug|Mixed Platforms.Build.0 = LIB ASM Debug|Win32
		{536739DA-79F7-4797-A3EF-2058F7E31FEF}.LIB ASM Debug|Win32.ActiveCfg = LIB ASM Debug|Win32
		{536739DA-79F7-4797-A3EF-2058F7E31FEF}.LIB ASM Debug|Win32.Build.0 = LIB ASM Debug|Win32
		{536739DA-79F7-4797-A3EF-2058F7E31FEF}.LIB ASM Debug|Xbox 360.ActiveCfg = LIB ASM Debug|Win32
		{536739DA-79F7-4797-A3EF-2058F7E31FEF}.LIB ASM Release|Mixed Platforms.ActiveCfg = LIB ASM Release|Win32
		{536739DA-79F7-4797-A3EF-2058F7E31FEF}.LIB ASM Release|Mixed Platforms.Build.0 = LIB ASM Release|Win32
		{536739DA-79F7-4797-A3EF-2058F7E31FEF}.LIB ASM Release|Win32.ActiveCfg = LIB ASM Release|Win32
		{536739DA-79F7-4797-A3EF-2058F7E31FEF}.LIB ASM Release|Win32.Build.0 = LIB ASM Release|Win32
		{536739DA-79F7-4797-A3EF-2058F7E31FEF}.LIB ASM Release|Xbox 360.ActiveCfg = LIB ASM Release|Win32
		{536739DA-79F7-4797-A3EF-2058F7E31FEF}.LIB Debug|Mixed Platforms.ActiveCfg = LIB Debug|Win32
		{536739DA-79F7-4797-A3EF-2058F7E31FEF}.LIB Debug|Mixed Platforms.Build.0 = LIB Debug|Win32
		{536739DA-79F7-4797-A3EF-2058F7E31FEF}.LIB Debug|Win32.ActiveCfg = LIB Debug|Win32
		{536739DA-79F7-4797-A3EF-2058F7E31FEF}.LIB Debug|Win32.Build.0 = LIB Debug|Win32
		{536739DA-79F7-4797-A3EF-2058F7E31FEF}.LIB Debug|Xbox 360.ActiveCfg = LIB Debug|Win32
		{536739DA-79F7-4797-A3EF-2058F7E31FEF}.LIB Release|Mixed Platforms.ActiveCfg = LIB Release|Win32
		{536739DA-79F7-4797-A3EF-2058F7E31FEF}.LIB Release|Mixed Platforms.Build.0 = LIB Release|Win32
		{536739DA-79F7-4797-A3EF-2058F7E31FEF}.LIB Release|Win32.ActiveCfg = LIB Release|Win32
		{536739DA-79F7-4797-A3EF-2058F7E31FEF}.LIB Release|Win32.Build.0 = LIB Release|Win32
		{536739DA-79F7-4797-A3EF-2058F7E31FEF}.LIB Release|Xbox 360.ActiveCfg = LIB Release|Win32
		{536739DA-79F7-4797-A3EF-2058F7E31FEF}.Profile_FastCap|Mixed Platforms.ActiveCfg = LIB ASM Release|Win32
		{536739DA-79F7-4797-A3EF-2058F7E31FEF}.Profile_FastCap|Mixed Platforms.Build.0 = LIB ASM Release|Win32
		{536739DA-79F7-4797-A3EF-2058F7E31FEF}.Profile_FastCap|Win32.ActiveCfg = LIB ASM Release|Win32
		{536739DA-79F7-4797-A3EF-2058F7E31FEF}.Profile_FastCap|Win32.Build.0 = LIB ASM Release|Win32
		{536739DA-79F7-4797-A3EF-2058F7E31FEF}.Profile_FastCap|Xbox 360.ActiveCfg = LIB ASM Release|Win32
		{536739DA-79F7-4797-A3EF-2058F7E31FEF}.Profile|Mixed Platforms.ActiveCfg = LIB ASM Release|Win32
		{536739DA-79F7-4797-A3EF-2058F7E31FEF}.Profile|Mixed Platforms.Build.0 = LIB ASM Release|Win32
		{536739DA-79F7-4797-A3EF-2058F7E31FEF}.Profile|Win32.ActiveCfg = LIB ASM Release|Win32
		{536739DA-79F7-4797-A3EF-2058F7E31FEF}.Profile|Win32.Build.0 = LIB ASM Release|Win32
		{536739DA-79F7-4797-A3EF-2058F7E31FEF}.Profile|Xbox 360.ActiveCfg = LIB ASM Release|Win32
		{536739DA-79F7-4797-A3EF-2058F7E31FEF}.Release_LTCG|Mixed Platforms.ActiveCfg = LIB ASM Release|Win32
		{536739DA-79F7-4797-A3EF-2058F7E31FEF}.Release_LTCG|Mixed Platforms.Build.0 = LIB ASM Release|Win32
		{536739DA-79F7-4797-A3EF-2058F7E31FEF}.Release_LTCG|Win32.ActiveCfg = LIB ASM Release|Win32
		{536739DA-79F7-4797-A3EF-2058F7E31FEF}.Release_LTCG|Win32.Build.0 = LIB ASM Release|Win32
		{536739DA-79F7-4797-A3EF-2058F7E31FEF}.Release_LTCG|Xbox 360.ActiveCfg = LIB ASM Release|Win32
		{536739DA-79F7-4797-A3EF-2058F7E31FEF}.Release|Mixed Platforms.ActiveCfg = LIB ASM Release|Win32
		{536739DA-79F7-4797-A3EF-2058F7E31FEF}.Release|Mixed Platforms.Build.0 = LIB ASM Release|Win32
		{536739DA-79F7-4797-A3EF-2058F7E31FEF}.Release|Win32.ActiveCfg = LIB ASM Release|Win32
		{536739DA-79F7-4797-A3EF-2058F7E31FEF}.Release|Win32.Build.0 = LIB ASM Release|Win32
		{536739DA-79F7-4797-A3EF-2058F7E31FEF}.Release|Xbox 360.ActiveCfg = LIB ASM Release|Win32
		{536739DA-79F7-4797-A3EF-2058F7E31FEF}.ReleaseHavok|Mixed Platforms.ActiveCfg = LIB ASM Release|Win32
		{536739DA-79F7-4797-A3EF-2058F7E31FEF}.ReleaseHavok|Mixed Platforms.Build.0 = LIB ASM Release|Win32
		{536739DA-79F7-4797-A3EF-2058F7E31FEF}.ReleaseHavok|Win32.ActiveCfg = LIB ASM Release|Win32
		{536739DA-79F7-4797-A3EF-2058F7E31FEF}.ReleaseHavok|Win32.Build.0 = LIB ASM Release|Win32
		{536739DA-79F7-4797-A3EF-2058F7E31FEF}.ReleaseHavok|Xbox 360.ActiveCfg = LIB Release|Xbox 360
	EndGlobalSection
	GlobalSection(SolutionProperties) = preSolution
		HideSolutionNode = FALSE
	EndGlobalSection
EndGlobal
